
Microsoft Visual Studio Solution File, Format Version 12.00
# Visual Studio Version 17
VisualStudioVersion = 17.5.002.0
MinimumVisualStudioVersion = 10.0.40219.1
Project("{9A19103F-16F7-4668-BE54-9A1E7A4F7556}") = "DezSegundos", "DezSegundos.csproj", "{6F0517BE-DE34-4ABA-BC7B-CA62D6CE4610}"
EndProject
Global
	GlobalSection(SolutionConfigurationPlatforms) = preSolution
		Debug|Any CPU = Debug|Any CPU
		Release|Any CPU = Release|Any CPU
	EndGlobalSection
	GlobalSection(ProjectConfigurationPlatforms) = postSolution
		{6F0517BE-DE34-4ABA-BC7B-CA62D6CE4610}.Debug|Any CPU.ActiveCfg = Debug|Any CPU
		{6F0517BE-DE34-4ABA-BC7B-CA62D6CE4610}.Debug|Any CPU.Build.0 = Debug|Any CPU
		{6F0517BE-DE34-4ABA-BC7B-CA62D6CE4610}.Release|Any CPU.ActiveCfg = Release|Any CPU
		{6F0517BE-DE34-4ABA-BC7B-CA62D6CE4610}.Release|Any CPU.Build.0 = Release|Any CPU
	EndGlobalSection
	GlobalSection(SolutionProperties) = preSolution
		HideSolutionNode = FALSE
	EndGlobalSection
	GlobalSection(ExtensibilityGlobals) = postSolution
		SolutionGuid = {67BB1C22-9E77-4FC4-8E03-16635A3A4984}
	EndGlobalSection
EndGlobal
